
Microsoft Visual Studio Solution File, Format Version 12.00
# Visual Studio Version 17
VisualStudioVersion = 17.1.32328.378
MinimumVisualStudioVersion = 10.0.40219.1
Project("{FAE04EC0-301F-11D3-BF4B-00C04F79EFBC}") = "ChronoCross", "ChronoCross\ChronoCross.csproj", "{312821DE-BBE9-4B33-BB94-23679E1EB114}"
EndProject
Global
	GlobalSection(SolutionConfigurationPlatforms) = preSolution
		Debug|Any CPU = Debug|Any CPU
		Release|Any CPU = Release|Any CPU
	EndGlobalSection
	GlobalSection(ProjectConfigurationPlatforms) = postSolution
		{312821DE-BBE9-4B33-BB94-23679E1EB114}.Debug|Any CPU.ActiveCfg = Debug|Any CPU
		{312821DE-BBE9-4B33-BB94-23679E1EB114}.Debug|Any CPU.Build.0 = Debug|Any CPU
		{312821DE-BBE9-4B33-BB94-23679E1EB114}.Release|Any CPU.ActiveCfg = Release|Any CPU
		{312821DE-BBE9-4B33-BB94-23679E1EB114}.Release|Any CPU.Build.0 = Release|Any CPU
	EndGlobalSection
	GlobalSection(SolutionProperties) = preSolution
		HideSolutionNode = FALSE
	EndGlobalSection
	GlobalSection(ExtensibilityGlobals) = postSolution
		SolutionGuid = {BE3AF2F6-0751-408F-AA26-29F009E3C0C7}
	EndGlobalSection
EndGlobal
